
Microsoft Visual Studio Solution File, Format Version 12.00
# Visual Studio Version 16
VisualStudioVersion = 16.0.31005.135
MinimumVisualStudioVersion = 10.0.40219.1
Project("{2150E333-8FDC-42A3-9474-1A3956D46DE8}") = "src", "src", "{10BB9588-6907-4DAD-A278-B38D285DC87C}"
EndProject
Project("{2150E333-8FDC-42A3-9474-1A3956D46DE8}") = "Catalog", "Catalog", "{EEA7D898-E863-46A2-B9EE-DE1EE7F3D638}"
EndProject
Global
	GlobalSection(SolutionProperties) = preSolution
		HideSolutionNode = FALSE
	EndGlobalSection
	GlobalSection(NestedProjects) = preSolution
		{EEA7D898-E863-46A2-B9EE-DE1EE7F3D638} = {10BB9588-6907-4DAD-A278-B38D285DC87C}
	EndGlobalSection
	GlobalSection(ExtensibilityGlobals) = postSolution
		SolutionGuid = {103E013E-B86E-4D8C-A623-27208062BDC5}
	EndGlobalSection
EndGlobal
